
Microsoft Visual Studio Solution File, Format Version 12.00
# Visual Studio 14
VisualStudioVersion = 14.0.23107.0
MinimumVisualStudioVersion = 10.0.40219.1
Project("{FAE04EC0-301F-11D3-BF4B-00C04F79EFBC}") = "ProqualIT.Azure.ServiceBus.Facade", "ProqualIT.Azure.ServiceBus.Facade\ProqualIT.Azure.ServiceBus.Facade.csproj", "{CBB13CEE-B6FA-49F2-9BDD-F7A1D4E2402A}"
EndProject
Project("{FAE04EC0-301F-11D3-BF4B-00C04F79EFBC}") = "TestHarness", "TestHarness\TestHarness.csproj", "{A1AAB28E-F96D-405B-82F7-6AAE26FDDFD6}"
EndProject
Project("{2150E333-8FDC-42A3-9474-1A3956D46DE8}") = "Testing", "Testing", "{56FCC801-6034-465E-8976-CD74C7818CF6}"
EndProject
Global
	GlobalSection(SolutionConfigurationPlatforms) = preSolution
		Debug|Any CPU = Debug|Any CPU
		Release|Any CPU = Release|Any CPU
	EndGlobalSection
	GlobalSection(ProjectConfigurationPlatforms) = postSolution
		{CBB13CEE-B6FA-49F2-9BDD-F7A1D4E2402A}.Debug|Any CPU.ActiveCfg = Debug|Any CPU
		{CBB13CEE-B6FA-49F2-9BDD-F7A1D4E2402A}.Debug|Any CPU.Build.0 = Debug|Any CPU
		{CBB13CEE-B6FA-49F2-9BDD-F7A1D4E2402A}.Release|Any CPU.ActiveCfg = Release|Any CPU
		{CBB13CEE-B6FA-49F2-9BDD-F7A1D4E2402A}.Release|Any CPU.Build.0 = Release|Any CPU
		{A1AAB28E-F96D-405B-82F7-6AAE26FDDFD6}.Debug|Any CPU.ActiveCfg = Debug|Any CPU
		{A1AAB28E-F96D-405B-82F7-6AAE26FDDFD6}.Debug|Any CPU.Build.0 = Debug|Any CPU
		{A1AAB28E-F96D-405B-82F7-6AAE26FDDFD6}.Release|Any CPU.ActiveCfg = Release|Any CPU
		{A1AAB28E-F96D-405B-82F7-6AAE26FDDFD6}.Release|Any CPU.Build.0 = Release|Any CPU
	EndGlobalSection
	GlobalSection(SolutionProperties) = preSolution
		HideSolutionNode = FALSE
	EndGlobalSection
	GlobalSection(NestedProjects) = preSolution
		{A1AAB28E-F96D-405B-82F7-6AAE26FDDFD6} = {56FCC801-6034-465E-8976-CD74C7818CF6}
	EndGlobalSection
EndGlobal
